
Microsoft Visual Studio Solution File, Format Version 11.00
# Visual Studio 2010
Project("{FAE04EC0-301F-11D3-BF4B-00C04F79EFBC}") = "Fate Of Hero", "Assembly-CSharp-firstpass.csproj", "{36A66492-79BC-6AC5-74A0-7467C5672B51}"
EndProject
Project("{FAE04EC0-301F-11D3-BF4B-00C04F79EFBC}") = "Fate Of Hero", "Assembly-CSharp.csproj", "{696663AA-A123-A93C-F8CB-C9629E01153E}"
EndProject
Project("{FAE04EC0-301F-11D3-BF4B-00C04F79EFBC}") = "Fate Of Hero", "Assembly-CSharp-Editor-firstpass.csproj", "{26387D67-7850-844F-37C0-8256840DD623}"
EndProject
Project("{FAE04EC0-301F-11D3-BF4B-00C04F79EFBC}") = "Fate Of Hero", "Assembly-CSharp-Editor.csproj", "{6CDC7969-9802-17EB-DFA2-DBADBDC1BDB0}"
EndProject
Global
	GlobalSection(SolutionConfigurationPlatforms) = preSolution
		Debug|Any CPU = Debug|Any CPU
		Release|Any CPU = Release|Any CPU
	EndGlobalSection
	GlobalSection(ProjectConfigurationPlatforms) = postSolution
		{36A66492-79BC-6AC5-74A0-7467C5672B51}.Debug|Any CPU.ActiveCfg = Debug|Any CPU
		{36A66492-79BC-6AC5-74A0-7467C5672B51}.Debug|Any CPU.Build.0 = Debug|Any CPU
		{36A66492-79BC-6AC5-74A0-7467C5672B51}.Release|Any CPU.ActiveCfg = Release|Any CPU
		{36A66492-79BC-6AC5-74A0-7467C5672B51}.Release|Any CPU.Build.0 = Release|Any CPU
		{696663AA-A123-A93C-F8CB-C9629E01153E}.Debug|Any CPU.ActiveCfg = Debug|Any CPU
		{696663AA-A123-A93C-F8CB-C9629E01153E}.Debug|Any CPU.Build.0 = Debug|Any CPU
		{696663AA-A123-A93C-F8CB-C9629E01153E}.Release|Any CPU.ActiveCfg = Release|Any CPU
		{696663AA-A123-A93C-F8CB-C9629E01153E}.Release|Any CPU.Build.0 = Release|Any CPU
		{26387D67-7850-844F-37C0-8256840DD623}.Debug|Any CPU.ActiveCfg = Debug|Any CPU
		{26387D67-7850-844F-37C0-8256840DD623}.Debug|Any CPU.Build.0 = Debug|Any CPU
		{26387D67-7850-844F-37C0-8256840DD623}.Release|Any CPU.ActiveCfg = Release|Any CPU
		{26387D67-7850-844F-37C0-8256840DD623}.Release|Any CPU.Build.0 = Release|Any CPU
		{6CDC7969-9802-17EB-DFA2-DBADBDC1BDB0}.Debug|Any CPU.ActiveCfg = Debug|Any CPU
		{6CDC7969-9802-17EB-DFA2-DBADBDC1BDB0}.Debug|Any CPU.Build.0 = Debug|Any CPU
		{6CDC7969-9802-17EB-DFA2-DBADBDC1BDB0}.Release|Any CPU.ActiveCfg = Release|Any CPU
		{6CDC7969-9802-17EB-DFA2-DBADBDC1BDB0}.Release|Any CPU.Build.0 = Release|Any CPU
	EndGlobalSection
	GlobalSection(SolutionProperties) = preSolution
		HideSolutionNode = FALSE
	EndGlobalSection
	GlobalSection(MonoDevelopProperties) = preSolution
		StartupItem = Assembly-CSharp.csproj
	EndGlobalSection
EndGlobal
