
Microsoft Visual Studio Solution File, Format Version 12.00
# Visual Studio 2017
Project("{FAE04EC0-301F-11D3-BF4B-00C04F79EFBC}") = "Fate Of Hero", "Fate Of Hero.csproj", "{292CF0C3-9F95-5CF9-2EB0-90E16BC78B13}"
EndProject
Project("{FAE04EC0-301F-11D3-BF4B-00C04F79EFBC}") = "Fate Of Hero.Plugins", "Fate Of Hero.Plugins.csproj", "{846258DB-A5BB-6B40-9598-C258CBCC11A6}"
EndProject
Project("{FAE04EC0-301F-11D3-BF4B-00C04F79EFBC}") = "Fate Of Hero.Editor.Plugins", "Fate Of Hero.Editor.Plugins.csproj", "{2BA27AF7-010A-8D8C-649C-B0FCF7E83373}"
EndProject
Global
	GlobalSection(SolutionConfigurationPlatforms) = preSolution
		Debug|Any CPU = Debug|Any CPU
		Release|Any CPU = Release|Any CPU
	EndGlobalSection
	GlobalSection(ProjectConfigurationPlatforms) = postSolution
		{292CF0C3-9F95-5CF9-2EB0-90E16BC78B13}.Debug|Any CPU.ActiveCfg = Debug|Any CPU
		{292CF0C3-9F95-5CF9-2EB0-90E16BC78B13}.Debug|Any CPU.Build.0 = Debug|Any CPU
		{292CF0C3-9F95-5CF9-2EB0-90E16BC78B13}.Release|Any CPU.ActiveCfg = Release|Any CPU
		{292CF0C3-9F95-5CF9-2EB0-90E16BC78B13}.Release|Any CPU.Build.0 = Release|Any CPU
		{846258DB-A5BB-6B40-9598-C258CBCC11A6}.Debug|Any CPU.ActiveCfg = Debug|Any CPU
		{846258DB-A5BB-6B40-9598-C258CBCC11A6}.Debug|Any CPU.Build.0 = Debug|Any CPU
		{846258DB-A5BB-6B40-9598-C258CBCC11A6}.Release|Any CPU.ActiveCfg = Release|Any CPU
		{846258DB-A5BB-6B40-9598-C258CBCC11A6}.Release|Any CPU.Build.0 = Release|Any CPU
		{2BA27AF7-010A-8D8C-649C-B0FCF7E83373}.Debug|Any CPU.ActiveCfg = Debug|Any CPU
		{2BA27AF7-010A-8D8C-649C-B0FCF7E83373}.Debug|Any CPU.Build.0 = Debug|Any CPU
		{2BA27AF7-010A-8D8C-649C-B0FCF7E83373}.Release|Any CPU.ActiveCfg = Release|Any CPU
		{2BA27AF7-010A-8D8C-649C-B0FCF7E83373}.Release|Any CPU.Build.0 = Release|Any CPU
	EndGlobalSection
	GlobalSection(SolutionProperties) = preSolution
		HideSolutionNode = FALSE
	EndGlobalSection
EndGlobal
