
Microsoft Visual Studio Solution File, Format Version 11.00
# Visual Studio 2010
Project("{FAE04EC0-301F-11D3-BF4B-00C04F79EFBC}") = "FoH_Engine_Unity", "Assembly-CSharp-firstpass.csproj", "{30F99060-FBA4-36C6-64B0-196A416C2D7D}"
EndProject
Project("{FAE04EC0-301F-11D3-BF4B-00C04F79EFBC}") = "FoH_Engine_Unity", "Assembly-CSharp.csproj", "{2BCD8FB8-4422-692B-023E-63CDED374D07}"
EndProject
Project("{FAE04EC0-301F-11D3-BF4B-00C04F79EFBC}") = "FoH_Engine_Unity", "Assembly-CSharp-Editor-firstpass.csproj", "{CA8D25CE-CE3B-FB66-1116-1B7690443FD3}"
EndProject
Global
	GlobalSection(SolutionConfigurationPlatforms) = preSolution
		Debug|Any CPU = Debug|Any CPU
		Release|Any CPU = Release|Any CPU
	EndGlobalSection
	GlobalSection(ProjectConfigurationPlatforms) = postSolution
		{30F99060-FBA4-36C6-64B0-196A416C2D7D}.Debug|Any CPU.ActiveCfg = Debug|Any CPU
		{30F99060-FBA4-36C6-64B0-196A416C2D7D}.Debug|Any CPU.Build.0 = Debug|Any CPU
		{30F99060-FBA4-36C6-64B0-196A416C2D7D}.Release|Any CPU.ActiveCfg = Release|Any CPU
		{30F99060-FBA4-36C6-64B0-196A416C2D7D}.Release|Any CPU.Build.0 = Release|Any CPU
		{2BCD8FB8-4422-692B-023E-63CDED374D07}.Debug|Any CPU.ActiveCfg = Debug|Any CPU
		{2BCD8FB8-4422-692B-023E-63CDED374D07}.Debug|Any CPU.Build.0 = Debug|Any CPU
		{2BCD8FB8-4422-692B-023E-63CDED374D07}.Release|Any CPU.ActiveCfg = Release|Any CPU
		{2BCD8FB8-4422-692B-023E-63CDED374D07}.Release|Any CPU.Build.0 = Release|Any CPU
		{CA8D25CE-CE3B-FB66-1116-1B7690443FD3}.Debug|Any CPU.ActiveCfg = Debug|Any CPU
		{CA8D25CE-CE3B-FB66-1116-1B7690443FD3}.Debug|Any CPU.Build.0 = Debug|Any CPU
		{CA8D25CE-CE3B-FB66-1116-1B7690443FD3}.Release|Any CPU.ActiveCfg = Release|Any CPU
		{CA8D25CE-CE3B-FB66-1116-1B7690443FD3}.Release|Any CPU.Build.0 = Release|Any CPU
	EndGlobalSection
	GlobalSection(SolutionProperties) = preSolution
		HideSolutionNode = FALSE
	EndGlobalSection
	GlobalSection(MonoDevelopProperties) = preSolution
		StartupItem = Assembly-CSharp.csproj
	EndGlobalSection
EndGlobal
