
Microsoft Visual Studio Solution File, Format Version 12.00
# Visual Studio 2017
Project("{FAE04EC0-301F-11D3-BF4B-00C04F79EFBC}") = "bar", "bar.csproj", "{D82ABB9E-C2C1-D47A-8957-A2F434D5B62C}"
EndProject
Project("{FAE04EC0-301F-11D3-BF4B-00C04F79EFBC}") = "com.unity.package-manager-ui.Editor", "com.unity.package-manager-ui.Editor.csproj", "{D6D748A5-0B92-CB91-5DCC-3A82DAD28C54}"
EndProject
Global
	GlobalSection(SolutionConfigurationPlatforms) = preSolution
		Debug|Any CPU = Debug|Any CPU
		Release|Any CPU = Release|Any CPU
	EndGlobalSection
	GlobalSection(ProjectConfigurationPlatforms) = postSolution
		{D82ABB9E-C2C1-D47A-8957-A2F434D5B62C}.Debug|Any CPU.ActiveCfg = Debug|Any CPU
		{D82ABB9E-C2C1-D47A-8957-A2F434D5B62C}.Debug|Any CPU.Build.0 = Debug|Any CPU
		{D82ABB9E-C2C1-D47A-8957-A2F434D5B62C}.Release|Any CPU.ActiveCfg = Release|Any CPU
		{D82ABB9E-C2C1-D47A-8957-A2F434D5B62C}.Release|Any CPU.Build.0 = Release|Any CPU
		{D6D748A5-0B92-CB91-5DCC-3A82DAD28C54}.Debug|Any CPU.ActiveCfg = Debug|Any CPU
		{D6D748A5-0B92-CB91-5DCC-3A82DAD28C54}.Debug|Any CPU.Build.0 = Debug|Any CPU
		{D6D748A5-0B92-CB91-5DCC-3A82DAD28C54}.Release|Any CPU.ActiveCfg = Release|Any CPU
		{D6D748A5-0B92-CB91-5DCC-3A82DAD28C54}.Release|Any CPU.Build.0 = Release|Any CPU
	EndGlobalSection
	GlobalSection(SolutionProperties) = preSolution
		HideSolutionNode = FALSE
	EndGlobalSection
EndGlobal
